
Microsoft Visual Studio Solution File, Format Version 12.00
# Visual Studio Version 17
VisualStudioVersion = 17.14.36121.58 d17.14
MinimumVisualStudioVersion = 10.0.40219.1
Project("{FAE04EC0-301F-11D3-BF4B-00C04F79EFBC}") = "API", "API\API.csproj", "{9CDEF012-3CF1-488B-BD36-8BE44E156C75}"
EndProject
Global
	GlobalSection(SolutionConfigurationPlatforms) = preSolution
		Debug|Any CPU = Debug|Any CPU
		Release|Any CPU = Release|Any CPU
	EndGlobalSection
	GlobalSection(ProjectConfigurationPlatforms) = postSolution
		{9CDEF012-3CF1-488B-BD36-8BE44E156C75}.Debug|Any CPU.ActiveCfg = Debug|Any CPU
		{9CDEF012-3CF1-488B-BD36-8BE44E156C75}.Debug|Any CPU.Build.0 = Debug|Any CPU
		{9CDEF012-3CF1-488B-BD36-8BE44E156C75}.Release|Any CPU.ActiveCfg = Release|Any CPU
		{9CDEF012-3CF1-488B-BD36-8BE44E156C75}.Release|Any CPU.Build.0 = Release|Any CPU
	EndGlobalSection
	GlobalSection(SolutionProperties) = preSolution
		HideSolutionNode = FALSE
	EndGlobalSection
	GlobalSection(ExtensibilityGlobals) = postSolution
		SolutionGuid = {78217420-7464-4C3A-A40D-6A5B311FC5F5}
	EndGlobalSection
EndGlobal
